
Microsoft Visual Studio Solution File, Format Version 12.00
# Visual Studio Version 16
VisualStudioVersion = 16.0.31702.278
MinimumVisualStudioVersion = 10.0.40219.1
Project("{FAE04EC0-301F-11D3-BF4B-00C04F79EFBC}") = "WfmWeb", "WfmWeb.csproj", "{B641CF6A-EAD2-4CEB-949B-FB40742CA7CF}"
EndProject
Global
	GlobalSection(SolutionConfigurationPlatforms) = preSolution
		Debug|Any CPU = Debug|Any CPU
		Release|Any CPU = Release|Any CPU
	EndGlobalSection
	GlobalSection(ProjectConfigurationPlatforms) = postSolution
		{B641CF6A-EAD2-4CEB-949B-FB40742CA7CF}.Debug|Any CPU.ActiveCfg = Debug|Any CPU
		{B641CF6A-EAD2-4CEB-949B-FB40742CA7CF}.Debug|Any CPU.Build.0 = Debug|Any CPU
		{B641CF6A-EAD2-4CEB-949B-FB40742CA7CF}.Release|Any CPU.ActiveCfg = Release|Any CPU
		{B641CF6A-EAD2-4CEB-949B-FB40742CA7CF}.Release|Any CPU.Build.0 = Release|Any CPU
	EndGlobalSection
	GlobalSection(SolutionProperties) = preSolution
		HideSolutionNode = FALSE
	EndGlobalSection
	GlobalSection(ExtensibilityGlobals) = postSolution
		SolutionGuid = {5B751307-DEF8-47BE-9633-54DA9B946783}
	EndGlobalSection
EndGlobal
